
Microsoft Visual Studio Solution File, Format Version 12.00
# Visual Studio 15
VisualStudioVersion = 15.0.28307.572
MinimumVisualStudioVersion = 10.0.40219.1
Project("{8BC9CEB8-8B4A-11D0-8D11-00A0C91BC942}") = "PointCloud", "PointCloud.vcxproj", "{CB1A505C-0579-419F-9B83-CCDF2C63E867}"
EndProject
Global
	GlobalSection(SolutionConfigurationPlatforms) = preSolution
		Debug|x64 = Debug|x64
		Debug|x86 = Debug|x86
		Release|x64 = Release|x64
		Release|x86 = Release|x86
	EndGlobalSection
	GlobalSection(ProjectConfigurationPlatforms) = postSolution
		{CB1A505C-0579-419F-9B83-CCDF2C63E867}.Debug|x64.ActiveCfg = Debug|x64
		{CB1A505C-0579-419F-9B83-CCDF2C63E867}.Debug|x64.Build.0 = Debug|x64
		{CB1A505C-0579-419F-9B83-CCDF2C63E867}.Debug|x86.ActiveCfg = Debug|Win32
		{CB1A505C-0579-419F-9B83-CCDF2C63E867}.Debug|x86.Build.0 = Debug|Win32
		{CB1A505C-0579-419F-9B83-CCDF2C63E867}.Release|x64.ActiveCfg = Release|x64
		{CB1A505C-0579-419F-9B83-CCDF2C63E867}.Release|x64.Build.0 = Release|x64
		{CB1A505C-0579-419F-9B83-CCDF2C63E867}.Release|x86.ActiveCfg = Release|Win32
		{CB1A505C-0579-419F-9B83-CCDF2C63E867}.Release|x86.Build.0 = Release|Win32
	EndGlobalSection
	GlobalSection(SolutionProperties) = preSolution
		HideSolutionNode = FALSE
	EndGlobalSection
	GlobalSection(ExtensibilityGlobals) = postSolution
		SolutionGuid = {90EFFB7E-D47C-4E53-B10B-7B5D20D98AD5}
	EndGlobalSection
EndGlobal
